
Microsoft Visual Studio Solution File, Format Version 12.00
# Visual Studio Version 17
VisualStudioVersion = 17.0.32014.148
MinimumVisualStudioVersion = 10.0.40219.1
Project("{FAE04EC0-301F-11D3-BF4B-00C04F79EFBC}") = "maxLiczba", "maxLiczba.csproj", "{97BCAE34-149E-45B0-9367-460959711302}"
EndProject
Global
	GlobalSection(SolutionConfigurationPlatforms) = preSolution
		Debug|Any CPU = Debug|Any CPU
		Release|Any CPU = Release|Any CPU
	EndGlobalSection
	GlobalSection(ProjectConfigurationPlatforms) = postSolution
		{97BCAE34-149E-45B0-9367-460959711302}.Debug|Any CPU.ActiveCfg = Debug|Any CPU
		{97BCAE34-149E-45B0-9367-460959711302}.Debug|Any CPU.Build.0 = Debug|Any CPU
		{97BCAE34-149E-45B0-9367-460959711302}.Release|Any CPU.ActiveCfg = Release|Any CPU
		{97BCAE34-149E-45B0-9367-460959711302}.Release|Any CPU.Build.0 = Release|Any CPU
	EndGlobalSection
	GlobalSection(SolutionProperties) = preSolution
		HideSolutionNode = FALSE
	EndGlobalSection
	GlobalSection(ExtensibilityGlobals) = postSolution
		SolutionGuid = {DED47177-4559-4447-890D-CEE3FD7084CD}
	EndGlobalSection
EndGlobal
